{
  "name": "@codetrix-studio/capacitor-google-auth",
  "version": "3.0.2",
  "lockfileVersion": 2,
  "requires": true,
  "packages": {
    "": {
      "name": "@codetrix-studio/capacitor-google-auth",
      "version": "3.0.2",
      "license": "MIT",
      "devDependencies": {
        "@capacitor/android": "^3.0.1",
        "@capacitor/core": "^3.0.1",
        "@capacitor/ios": "^3.0.1",
        "@types/gapi": "0.0.39",
        "@types/gapi.auth2": "0.0.54",
        "typescript": "^4.3.2"
      },
      "peerDependencies": {
        "@capacitor/core": "^3"
      }
    },
    "node_modules/@capacitor/android": {
      "version": "3.0.1",
      "resolved": "https://registry.npmjs.org/@capacitor/android/-/android-3.0.1.tgz",
      "integrity": "sha512-+bKm0J1/oSln8VlVRfC25AWn+lLFwvC3Q8OeIA7DyI36RPi8WMkGfVPvZ3EIywUKBquj7mVuEXXhiZyM+YlDeQ==",
      "dev": true,
      "peerDependencies": {
        "@capacitor/core": "~3.0.0"
      }
    },
    "node_modules/@capacitor/core": {
      "version": "3.0.1",
      "resolved": "https://registry.npmjs.org/@capacitor/core/-/core-3.0.1.tgz",
      "integrity": "sha512-17iFkpICdOdTqfbKh3oXFYbwXn9dSxLe85PWeptXSW5jkiHN/YhI+iedRpcukv1QXkR1P629B+7kDqBcrzKL9w==",
      "dev": true,
      "dependencies": {
        "tslib": "^2.1.0"
      }
    },
    "node_modules/@capacitor/ios": {
      "version": "3.0.1",
      "resolved": "https://registry.npmjs.org/@capacitor/ios/-/ios-3.0.1.tgz",
      "integrity": "sha512-g0xQgiGu0MyHl/17tEiMJUAL6sTj76pu3gtqY5wWGLAfTDRodDz2WjmV6i8OQvfrR69IWfdqEvKaFz7MCeHajg==",
      "dev": true,
      "peerDependencies": {
        "@capacitor/core": "~3.0.0"
      }
    },
    "node_modules/@types/gapi": {
      "version": "0.0.39",
      "resolved": "https://registry.npmjs.org/@types/gapi/-/gapi-0.0.39.tgz",
      "integrity": "sha512-R1TZeZbvvbIC60DBJMhuOEivQHzOQtzl3uMDOOENTYQTSSDB6oEMpJo8HVPOTWivdUTbyEcB5qQOVr/JCKRlCQ==",
      "dev": true
    },
    "node_modules/@types/gapi.auth2": {
      "version": "0.0.54",
      "resolved": "https://registry.npmjs.org/@types/gapi.auth2/-/gapi.auth2-0.0.54.tgz",
      "integrity": "sha512-4HEphaKsGndb9+tnd2PBBmxloaij04iYXVsjgHpFxqbPFt5Le6pasoh5g5BEtwp/YEm9xDbzssp44BYR2/7RcQ==",
      "dev": true,
      "dependencies": {
        "@types/gapi": "*"
      }
    },
    "node_modules/tslib": {
      "version": "2.2.0",
      "resolved": "https://registry.npmjs.org/tslib/-/tslib-2.2.0.tgz",
      "integrity": "sha512-gS9GVHRU+RGn5KQM2rllAlR3dU6m7AcpJKdtH8gFvQiC4Otgk98XnmMU+nZenHt/+VhnBPWwgrJsyrdcw6i23w==",
      "dev": true
    },
    "node_modules/typescript": {
      "version": "4.3.2",
      "resolved": "https://registry.npmjs.org/typescript/-/typescript-4.3.2.tgz",
      "integrity": "sha512-zZ4hShnmnoVnAHpVHWpTcxdv7dWP60S2FsydQLV8V5PbS3FifjWFFRiHSWpDJahly88PRyV5teTSLoq4eG7mKw==",
      "dev": true,
      "bin": {
        "tsc": "bin/tsc",
        "tsserver": "bin/tsserver"
      },
      "engines": {
        "node": ">=4.2.0"
      }
    }
  },
  "dependencies": {
    "@capacitor/android": {
      "version": "3.0.1",
      "resolved": "https://registry.npmjs.org/@capacitor/android/-/android-3.0.1.tgz",
      "integrity": "sha512-+bKm0J1/oSln8VlVRfC25AWn+lLFwvC3Q8OeIA7DyI36RPi8WMkGfVPvZ3EIywUKBquj7mVuEXXhiZyM+YlDeQ==",
      "dev": true,
      "requires": {}
    },
    "@capacitor/core": {
      "version": "3.0.1",
      "resolved": "https://registry.npmjs.org/@capacitor/core/-/core-3.0.1.tgz",
      "integrity": "sha512-17iFkpICdOdTqfbKh3oXFYbwXn9dSxLe85PWeptXSW5jkiHN/YhI+iedRpcukv1QXkR1P629B+7kDqBcrzKL9w==",
      "dev": true,
      "requires": {
        "tslib": "^2.1.0"
      }
    },
    "@capacitor/ios": {
      "version": "3.0.1",
      "resolved": "https://registry.npmjs.org/@capacitor/ios/-/ios-3.0.1.tgz",
      "integrity": "sha512-g0xQgiGu0MyHl/17tEiMJUAL6sTj76pu3gtqY5wWGLAfTDRodDz2WjmV6i8OQvfrR69IWfdqEvKaFz7MCeHajg==",
      "dev": true,
      "requires": {}
    },
    "@types/gapi": {
      "version": "0.0.39",
      "resolved": "https://registry.npmjs.org/@types/gapi/-/gapi-0.0.39.tgz",
      "integrity": "sha512-R1TZeZbvvbIC60DBJMhuOEivQHzOQtzl3uMDOOENTYQTSSDB6oEMpJo8HVPOTWivdUTbyEcB5qQOVr/JCKRlCQ==",
      "dev": true
    },
    "@types/gapi.auth2": {
      "version": "0.0.54",
      "resolved": "https://registry.npmjs.org/@types/gapi.auth2/-/gapi.auth2-0.0.54.tgz",
      "integrity": "sha512-4HEphaKsGndb9+tnd2PBBmxloaij04iYXVsjgHpFxqbPFt5Le6pasoh5g5BEtwp/YEm9xDbzssp44BYR2/7RcQ==",
      "dev": true,
      "requires": {
        "@types/gapi": "*"
      }
    },
    "tslib": {
      "version": "2.2.0",
      "resolved": "https://registry.npmjs.org/tslib/-/tslib-2.2.0.tgz",
      "integrity": "sha512-gS9GVHRU+RGn5KQM2rllAlR3dU6m7AcpJKdtH8gFvQiC4Otgk98XnmMU+nZenHt/+VhnBPWwgrJsyrdcw6i23w==",
      "dev": true
    },
    "typescript": {
      "version": "4.3.2",
      "resolved": "https://registry.npmjs.org/typescript/-/typescript-4.3.2.tgz",
      "integrity": "sha512-zZ4hShnmnoVnAHpVHWpTcxdv7dWP60S2FsydQLV8V5PbS3FifjWFFRiHSWpDJahly88PRyV5teTSLoq4eG7mKw==",
      "dev": true
    }
  }
}
